# THIS IS AN AUTOGENERATED FILE. DO NOT EDIT THIS FILE DIRECTLY.
# yarn lockfile v1


bulma@^0.7.4:
  version "0.7.4"
  resolved "https://registry.yarnpkg.com/bulma/-/bulma-0.7.4.tgz#7e74512e9118d9799021339e67e365ee0ac4f3f9"
  integrity sha512-krG2rP6eAX1WE0sf6O0SC/FUVSOBX4m1PBC2+GKLpb2pX0qanaDqcv9U2nu75egFrsHkI0zdWYuk/oGwoszVWg==

vue@^2.6.7:
  version "2.6.7"
  resolved "https://registry.yarnpkg.com/vue/-/vue-2.6.7.tgz#254f188e7621d2d19ee28d0c0442c6d21b53ae2d"
  integrity sha512-g7ADfQ82QU+j6F/bVDioVQf2ccIMYLuR4E8ev+RsDBlmwRkhGO3HhgF4PF9vpwjdPpxyb1zzLur2nQ2oIMAMEg==
